
Microsoft Visual Studio Solution File, Format Version 12.00
# Visual Studio 15
VisualStudioVersion = 15.0.28010.2050
MinimumVisualStudioVersion = 10.0.40219.1
Project("{FAE04EC0-301F-11D3-BF4B-00C04F79EFBC}") = "Task1", "Task1\Task1.csproj", "{D618853B-9DA6-4CD9-BEE6-9DBD5FEE1D5B}"
EndProject
Project("{FAE04EC0-301F-11D3-BF4B-00C04F79EFBC}") = "Task2", "Task2\Task2.csproj", "{FF1366BA-5556-4349-89B8-4C44F2FE9D49}"
EndProject
Project("{FAE04EC0-301F-11D3-BF4B-00C04F79EFBC}") = "Task5", "Task5\Task5.csproj", "{57F3D9BA-9AC9-446E-A567-9C116C6D20CF}"
EndProject
Project("{FAE04EC0-301F-11D3-BF4B-00C04F79EFBC}") = "Task3", "Task3\Task3.csproj", "{6E4316E6-AB23-438A-9E95-4BAA6DA9B086}"
EndProject
Project("{FAE04EC0-301F-11D3-BF4B-00C04F79EFBC}") = "Task4", "Task4\Task4.csproj", "{A90E7BF6-AE35-4028-A77C-DEFE926E5273}"
EndProject
Project("{FAE04EC0-301F-11D3-BF4B-00C04F79EFBC}") = "Task6", "Task6\Task6.csproj", "{1313E288-DE2F-4840-AAD9-FB50483A6909}"
EndProject
Project("{FAE04EC0-301F-11D3-BF4B-00C04F79EFBC}") = "Task7", "Task7\Task7.csproj", "{6C39AB65-7A01-4FA1-89DE-6B6656A4C497}"
EndProject
Project("{FAE04EC0-301F-11D3-BF4B-00C04F79EFBC}") = "Task8", "Task8\Task8.csproj", "{88A38C48-A65A-4F04-9719-E23C12037850}"
EndProject
Project("{FAE04EC0-301F-11D3-BF4B-00C04F79EFBC}") = "Task9", "Task9\Task9.csproj", "{E9CCB752-1245-443C-8B7D-6DB81BECE707}"
EndProject
Project("{FAE04EC0-301F-11D3-BF4B-00C04F79EFBC}") = "Task10", "Task10\Task10.csproj", "{E5F4467A-5332-4F2A-B2AD-9E4317243AA0}"
EndProject
Project("{FAE04EC0-301F-11D3-BF4B-00C04F79EFBC}") = "Task11", "Task11\Task11.csproj", "{52855716-B427-4FE3-BBCD-57176ED3EF11}"
EndProject
Project("{FAE04EC0-301F-11D3-BF4B-00C04F79EFBC}") = "Task12", "Task12\Task12.csproj", "{051B6EBF-1CD2-4AE7-B86E-9B60A3DCAC09}"
EndProject
Project("{FAE04EC0-301F-11D3-BF4B-00C04F79EFBC}") = "Task13", "Task13\Task13.csproj", "{3B828EB1-00FC-4CF3-9F5E-6DFA1C72D1E7}"
EndProject
Global
	GlobalSection(SolutionConfigurationPlatforms) = preSolution
		Debug|Any CPU = Debug|Any CPU
		Release|Any CPU = Release|Any CPU
	EndGlobalSection
	GlobalSection(ProjectConfigurationPlatforms) = postSolution
		{D618853B-9DA6-4CD9-BEE6-9DBD5FEE1D5B}.Debug|Any CPU.ActiveCfg = Debug|Any CPU
		{D618853B-9DA6-4CD9-BEE6-9DBD5FEE1D5B}.Debug|Any CPU.Build.0 = Debug|Any CPU
		{D618853B-9DA6-4CD9-BEE6-9DBD5FEE1D5B}.Release|Any CPU.ActiveCfg = Release|Any CPU
		{D618853B-9DA6-4CD9-BEE6-9DBD5FEE1D5B}.Release|Any CPU.Build.0 = Release|Any CPU
		{FF1366BA-5556-4349-89B8-4C44F2FE9D49}.Debug|Any CPU.ActiveCfg = Debug|Any CPU
		{FF1366BA-5556-4349-89B8-4C44F2FE9D49}.Debug|Any CPU.Build.0 = Debug|Any CPU
		{FF1366BA-5556-4349-89B8-4C44F2FE9D49}.Release|Any CPU.ActiveCfg = Release|Any CPU
		{FF1366BA-5556-4349-89B8-4C44F2FE9D49}.Release|Any CPU.Build.0 = Release|Any CPU
		{57F3D9BA-9AC9-446E-A567-9C116C6D20CF}.Debug|Any CPU.ActiveCfg = Debug|Any CPU
		{57F3D9BA-9AC9-446E-A567-9C116C6D20CF}.Debug|Any CPU.Build.0 = Debug|Any CPU
		{57F3D9BA-9AC9-446E-A567-9C116C6D20CF}.Release|Any CPU.ActiveCfg = Release|Any CPU
		{57F3D9BA-9AC9-446E-A567-9C116C6D20CF}.Release|Any CPU.Build.0 = Release|Any CPU
		{6E4316E6-AB23-438A-9E95-4BAA6DA9B086}.Debug|Any CPU.ActiveCfg = Debug|Any CPU
		{6E4316E6-AB23-438A-9E95-4BAA6DA9B086}.Debug|Any CPU.Build.0 = Debug|Any CPU
		{6E4316E6-AB23-438A-9E95-4BAA6DA9B086}.Release|Any CPU.ActiveCfg = Release|Any CPU
		{6E4316E6-AB23-438A-9E95-4BAA6DA9B086}.Release|Any CPU.Build.0 = Release|Any CPU
		{A90E7BF6-AE35-4028-A77C-DEFE926E5273}.Debug|Any CPU.ActiveCfg = Debug|Any CPU
		{A90E7BF6-AE35-4028-A77C-DEFE926E5273}.Debug|Any CPU.Build.0 = Debug|Any CPU
		{A90E7BF6-AE35-4028-A77C-DEFE926E5273}.Release|Any CPU.ActiveCfg = Release|Any CPU
		{A90E7BF6-AE35-4028-A77C-DEFE926E5273}.Release|Any CPU.Build.0 = Release|Any CPU
		{1313E288-DE2F-4840-AAD9-FB50483A6909}.Debug|Any CPU.ActiveCfg = Debug|Any CPU
		{1313E288-DE2F-4840-AAD9-FB50483A6909}.Debug|Any CPU.Build.0 = Debug|Any CPU
		{1313E288-DE2F-4840-AAD9-FB50483A6909}.Release|Any CPU.ActiveCfg = Release|Any CPU
		{1313E288-DE2F-4840-AAD9-FB50483A6909}.Release|Any CPU.Build.0 = Release|Any CPU
		{6C39AB65-7A01-4FA1-89DE-6B6656A4C497}.Debug|Any CPU.ActiveCfg = Debug|Any CPU
		{6C39AB65-7A01-4FA1-89DE-6B6656A4C497}.Debug|Any CPU.Build.0 = Debug|Any CPU
		{6C39AB65-7A01-4FA1-89DE-6B6656A4C497}.Release|Any CPU.ActiveCfg = Release|Any CPU
		{6C39AB65-7A01-4FA1-89DE-6B6656A4C497}.Release|Any CPU.Build.0 = Release|Any CPU
		{88A38C48-A65A-4F04-9719-E23C12037850}.Debug|Any CPU.ActiveCfg = Debug|Any CPU
		{88A38C48-A65A-4F04-9719-E23C12037850}.Debug|Any CPU.Build.0 = Debug|Any CPU
		{88A38C48-A65A-4F04-9719-E23C12037850}.Release|Any CPU.ActiveCfg = Release|Any CPU
		{88A38C48-A65A-4F04-9719-E23C12037850}.Release|Any CPU.Build.0 = Release|Any CPU
		{E9CCB752-1245-443C-8B7D-6DB81BECE707}.Debug|Any CPU.ActiveCfg = Debug|Any CPU
		{E9CCB752-1245-443C-8B7D-6DB81BECE707}.Debug|Any CPU.Build.0 = Debug|Any CPU
		{E9CCB752-1245-443C-8B7D-6DB81BECE707}.Release|Any CPU.ActiveCfg = Release|Any CPU
		{E9CCB752-1245-443C-8B7D-6DB81BECE707}.Release|Any CPU.Build.0 = Release|Any CPU
		{E5F4467A-5332-4F2A-B2AD-9E4317243AA0}.Debug|Any CPU.ActiveCfg = Debug|Any CPU
		{E5F4467A-5332-4F2A-B2AD-9E4317243AA0}.Debug|Any CPU.Build.0 = Debug|Any CPU
		{E5F4467A-5332-4F2A-B2AD-9E4317243AA0}.Release|Any CPU.ActiveCfg = Release|Any CPU
		{E5F4467A-5332-4F2A-B2AD-9E4317243AA0}.Release|Any CPU.Build.0 = Release|Any CPU
		{52855716-B427-4FE3-BBCD-57176ED3EF11}.Debug|Any CPU.ActiveCfg = Debug|Any CPU
		{52855716-B427-4FE3-BBCD-57176ED3EF11}.Debug|Any CPU.Build.0 = Debug|Any CPU
		{52855716-B427-4FE3-BBCD-57176ED3EF11}.Release|Any CPU.ActiveCfg = Release|Any CPU
		{52855716-B427-4FE3-BBCD-57176ED3EF11}.Release|Any CPU.Build.0 = Release|Any CPU
		{051B6EBF-1CD2-4AE7-B86E-9B60A3DCAC09}.Debug|Any CPU.ActiveCfg = Debug|Any CPU
		{051B6EBF-1CD2-4AE7-B86E-9B60A3DCAC09}.Debug|Any CPU.Build.0 = Debug|Any CPU
		{051B6EBF-1CD2-4AE7-B86E-9B60A3DCAC09}.Release|Any CPU.ActiveCfg = Release|Any CPU
		{051B6EBF-1CD2-4AE7-B86E-9B60A3DCAC09}.Release|Any CPU.Build.0 = Release|Any CPU
		{3B828EB1-00FC-4CF3-9F5E-6DFA1C72D1E7}.Debug|Any CPU.ActiveCfg = Debug|Any CPU
		{3B828EB1-00FC-4CF3-9F5E-6DFA1C72D1E7}.Debug|Any CPU.Build.0 = Debug|Any CPU
		{3B828EB1-00FC-4CF3-9F5E-6DFA1C72D1E7}.Release|Any CPU.ActiveCfg = Release|Any CPU
		{3B828EB1-00FC-4CF3-9F5E-6DFA1C72D1E7}.Release|Any CPU.Build.0 = Release|Any CPU
	EndGlobalSection
	GlobalSection(SolutionProperties) = preSolution
		HideSolutionNode = FALSE
	EndGlobalSection
	GlobalSection(ExtensibilityGlobals) = postSolution
		SolutionGuid = {D1228302-7D27-48A0-95D7-E65B54441C6B}
	EndGlobalSection
EndGlobal
